
Microsoft Visual Studio Solution File, Format Version 11.00
# Visual Studio 2010
Project("{FAE04EC0-301F-11D3-BF4B-00C04F79EFBC}") = "MarkupInjector", "MarkupInjector\MarkupInjector.csproj", "{AB17F696-A460-4392-9B2F-2FF5F3A28C0F}"
EndProject
Project("{FAE04EC0-301F-11D3-BF4B-00C04F79EFBC}") = "MarkupInjector.Tests", "MarkupInjector.Tests\MarkupInjector.Tests.csproj", "{BCDAE87E-9CBB-43A8-9774-66A0944744C2}"
EndProject
Project("{FAE04EC0-301F-11D3-BF4B-00C04F79EFBC}") = "MarkupInjectExample", "MarkupInjectExample\MarkupInjectExample.csproj", "{95427398-7182-4210-9F4D-855CAAE57FC4}"
EndProject
Global
	GlobalSection(SolutionConfigurationPlatforms) = preSolution
		Debug|Any CPU = Debug|Any CPU
		Release|Any CPU = Release|Any CPU
	EndGlobalSection
	GlobalSection(ProjectConfigurationPlatforms) = postSolution
		{AB17F696-A460-4392-9B2F-2FF5F3A28C0F}.Debug|Any CPU.ActiveCfg = Debug|Any CPU
		{AB17F696-A460-4392-9B2F-2FF5F3A28C0F}.Debug|Any CPU.Build.0 = Debug|Any CPU
		{AB17F696-A460-4392-9B2F-2FF5F3A28C0F}.Release|Any CPU.ActiveCfg = Release|Any CPU
		{AB17F696-A460-4392-9B2F-2FF5F3A28C0F}.Release|Any CPU.Build.0 = Release|Any CPU
		{BCDAE87E-9CBB-43A8-9774-66A0944744C2}.Debug|Any CPU.ActiveCfg = Debug|Any CPU
		{BCDAE87E-9CBB-43A8-9774-66A0944744C2}.Debug|Any CPU.Build.0 = Debug|Any CPU
		{BCDAE87E-9CBB-43A8-9774-66A0944744C2}.Release|Any CPU.ActiveCfg = Release|Any CPU
		{BCDAE87E-9CBB-43A8-9774-66A0944744C2}.Release|Any CPU.Build.0 = Release|Any CPU
		{95427398-7182-4210-9F4D-855CAAE57FC4}.Debug|Any CPU.ActiveCfg = Debug|Any CPU
		{95427398-7182-4210-9F4D-855CAAE57FC4}.Debug|Any CPU.Build.0 = Debug|Any CPU
		{95427398-7182-4210-9F4D-855CAAE57FC4}.Release|Any CPU.ActiveCfg = Release|Any CPU
		{95427398-7182-4210-9F4D-855CAAE57FC4}.Release|Any CPU.Build.0 = Release|Any CPU
	EndGlobalSection
	GlobalSection(SolutionProperties) = preSolution
		HideSolutionNode = FALSE
	EndGlobalSection
EndGlobal
